
Microsoft Visual Studio Solution File, Format Version 12.00
# Visual Studio Version 16
VisualStudioVersion = 16.0.31729.503
MinimumVisualStudioVersion = 10.0.40219.1
Project("{FAE04EC0-301F-11D3-BF4B-00C04F79EFBC}") = "DailyLoan", "DailyLoan\DailyLoan.csproj", "{B8DD69FE-0A70-48AC-A708-32A953A70788}"
EndProject
Project("{FAE04EC0-301F-11D3-BF4B-00C04F79EFBC}") = "DailyLoan.Library", "DailyLoan.Library\DailyLoan.Library.csproj", "{93F1165E-4717-4C14-AC9E-D9D01FF16B41}"
EndProject
Project("{FAE04EC0-301F-11D3-BF4B-00C04F79EFBC}") = "DailyLoan.Model", "DailyLoan.Model\DailyLoan.Model.csproj", "{0D1A92F5-1D40-4E7F-A68C-447BBC698311}"
EndProject
Project("{FAE04EC0-301F-11D3-BF4B-00C04F79EFBC}") = "DailyLoan.Repostory", "DailyLoan.Repostory\DailyLoan.Repostory.csproj", "{BF92943A-DE40-4155-943C-E9D32F283A4C}"
EndProject
Project("{FAE04EC0-301F-11D3-BF4B-00C04F79EFBC}") = "DailyLoan.Service", "DailyLoan.Service\DailyLoan.Service.csproj", "{4EF96214-8054-4791-8DFB-4FA4E2BDD35F}"
EndProject
Project("{2150E333-8FDC-42A3-9474-1A3956D46DE8}") = "Database Change", "Database Change", "{9B901B42-C752-4497-9DB5-B9E691710515}"
	ProjectSection(SolutionItems) = preProject
		CreateDB.sql = CreateDB.sql
	EndProjectSection
EndProject
Global
	GlobalSection(SolutionConfigurationPlatforms) = preSolution
		Debug|Any CPU = Debug|Any CPU
		Release|Any CPU = Release|Any CPU
	EndGlobalSection
	GlobalSection(ProjectConfigurationPlatforms) = postSolution
		{B8DD69FE-0A70-48AC-A708-32A953A70788}.Debug|Any CPU.ActiveCfg = Debug|Any CPU
		{B8DD69FE-0A70-48AC-A708-32A953A70788}.Debug|Any CPU.Build.0 = Debug|Any CPU
		{B8DD69FE-0A70-48AC-A708-32A953A70788}.Release|Any CPU.ActiveCfg = Release|Any CPU
		{B8DD69FE-0A70-48AC-A708-32A953A70788}.Release|Any CPU.Build.0 = Release|Any CPU
		{93F1165E-4717-4C14-AC9E-D9D01FF16B41}.Debug|Any CPU.ActiveCfg = Debug|Any CPU
		{93F1165E-4717-4C14-AC9E-D9D01FF16B41}.Debug|Any CPU.Build.0 = Debug|Any CPU
		{93F1165E-4717-4C14-AC9E-D9D01FF16B41}.Release|Any CPU.ActiveCfg = Release|Any CPU
		{93F1165E-4717-4C14-AC9E-D9D01FF16B41}.Release|Any CPU.Build.0 = Release|Any CPU
		{0D1A92F5-1D40-4E7F-A68C-447BBC698311}.Debug|Any CPU.ActiveCfg = Debug|Any CPU
		{0D1A92F5-1D40-4E7F-A68C-447BBC698311}.Debug|Any CPU.Build.0 = Debug|Any CPU
		{0D1A92F5-1D40-4E7F-A68C-447BBC698311}.Release|Any CPU.ActiveCfg = Release|Any CPU
		{0D1A92F5-1D40-4E7F-A68C-447BBC698311}.Release|Any CPU.Build.0 = Release|Any CPU
		{BF92943A-DE40-4155-943C-E9D32F283A4C}.Debug|Any CPU.ActiveCfg = Debug|Any CPU
		{BF92943A-DE40-4155-943C-E9D32F283A4C}.Debug|Any CPU.Build.0 = Debug|Any CPU
		{BF92943A-DE40-4155-943C-E9D32F283A4C}.Release|Any CPU.ActiveCfg = Release|Any CPU
		{BF92943A-DE40-4155-943C-E9D32F283A4C}.Release|Any CPU.Build.0 = Release|Any CPU
		{4EF96214-8054-4791-8DFB-4FA4E2BDD35F}.Debug|Any CPU.ActiveCfg = Debug|Any CPU
		{4EF96214-8054-4791-8DFB-4FA4E2BDD35F}.Debug|Any CPU.Build.0 = Debug|Any CPU
		{4EF96214-8054-4791-8DFB-4FA4E2BDD35F}.Release|Any CPU.ActiveCfg = Release|Any CPU
		{4EF96214-8054-4791-8DFB-4FA4E2BDD35F}.Release|Any CPU.Build.0 = Release|Any CPU
	EndGlobalSection
	GlobalSection(SolutionProperties) = preSolution
		HideSolutionNode = FALSE
	EndGlobalSection
	GlobalSection(ExtensibilityGlobals) = postSolution
		SolutionGuid = {3139F0E8-6DF0-41A7-9BF2-C870C4A8AEFF}
	EndGlobalSection
EndGlobal
